
Microsoft Visual Studio Solution File, Format Version 12.00
# Visual Studio Version 17
VisualStudioVersion = 17.4.33213.308
MinimumVisualStudioVersion = 10.0.40219.1
Project("{FAE04EC0-301F-11D3-BF4B-00C04F79EFBC}") = "JURNAL_MOD5_1302210074", "JURNAL_MOD5_1302210074.csproj", "{B47E61BC-A93A-4F68-8EB1-7A89ED520F95}"
EndProject
Global
	GlobalSection(SolutionConfigurationPlatforms) = preSolution
		Debug|Any CPU = Debug|Any CPU
		Release|Any CPU = Release|Any CPU
	EndGlobalSection
	GlobalSection(ProjectConfigurationPlatforms) = postSolution
		{B47E61BC-A93A-4F68-8EB1-7A89ED520F95}.Debug|Any CPU.ActiveCfg = Debug|Any CPU
		{B47E61BC-A93A-4F68-8EB1-7A89ED520F95}.Debug|Any CPU.Build.0 = Debug|Any CPU
		{B47E61BC-A93A-4F68-8EB1-7A89ED520F95}.Release|Any CPU.ActiveCfg = Release|Any CPU
		{B47E61BC-A93A-4F68-8EB1-7A89ED520F95}.Release|Any CPU.Build.0 = Release|Any CPU
	EndGlobalSection
	GlobalSection(SolutionProperties) = preSolution
		HideSolutionNode = FALSE
	EndGlobalSection
	GlobalSection(ExtensibilityGlobals) = postSolution
		SolutionGuid = {AF1DF2F4-DAAD-4040-ADF3-460D0121318D}
	EndGlobalSection
EndGlobal
